
Microsoft Visual Studio Solution File, Format Version 12.00
# Visual Studio Version 16
VisualStudioVersion = 16.0.30011.22
MinimumVisualStudioVersion = 10.0.40219.1
Project("{FAE04EC0-301F-11D3-BF4B-00C04F79EFBC}") = "ControlWorks.Services.PVI", "ControlWorks.Services.PVI\ControlWorks.Services.PVI.csproj", "{7D3392AA-92E4-4E0E-AC9C-7BC478C4BF5E}"
EndProject
Project("{2150E333-8FDC-42A3-9474-1A3956D46DE8}") = "bin", "bin", "{CDFBBB4D-3A82-4833-83DB-735957283C1F}"
	ProjectSection(SolutionItems) = preProject
		bin\BR.AN.PviServices.dll = bin\BR.AN.PviServices.dll
	EndProjectSection
EndProject
Project("{FAE04EC0-301F-11D3-BF4B-00C04F79EFBC}") = "ControlWorks.Services.Messaging", "ControlWorks.Services.Messaging\ControlWorks.Services.Messaging.csproj", "{134543CA-73C2-49C6-873A-F9DC025EF1A6}"
EndProject
Project("{FAE04EC0-301F-11D3-BF4B-00C04F79EFBC}") = "ControlWorks.Services.Rest", "ControlWorks.Services.Rest\ControlWorks.Services.Rest.csproj", "{F3CCE0C7-669F-413C-897C-A60B3CCD5E6D}"
EndProject
Project("{FAE04EC0-301F-11D3-BF4B-00C04F79EFBC}") = "ControlWorks.Services", "ControlWorks.Services\ControlWorks.Services.csproj", "{74575C73-60AD-47FD-BAD0-B8166C9C1165}"
EndProject
Project("{FAE04EC0-301F-11D3-BF4B-00C04F79EFBC}") = "ControlWorks.Common", "ControlWorks.Common\ControlWorks.Common.csproj", "{9720EB0F-048C-4444-ACE4-110CDCC89CC1}"
EndProject
Project("{FAE04EC0-301F-11D3-BF4B-00C04F79EFBC}") = "ControlWorks.Application.Configuration", "ControlWorks.Application.Configuration\ControlWorks.Application.Configuration.csproj", "{4D58ABAA-8156-46CB-B7AA-252E1F80A70D}"
EndProject
Global
	GlobalSection(SolutionConfigurationPlatforms) = preSolution
		Debug|Any CPU = Debug|Any CPU
		Release|Any CPU = Release|Any CPU
	EndGlobalSection
	GlobalSection(ProjectConfigurationPlatforms) = postSolution
		{7D3392AA-92E4-4E0E-AC9C-7BC478C4BF5E}.Debug|Any CPU.ActiveCfg = Debug|Any CPU
		{7D3392AA-92E4-4E0E-AC9C-7BC478C4BF5E}.Debug|Any CPU.Build.0 = Debug|Any CPU
		{7D3392AA-92E4-4E0E-AC9C-7BC478C4BF5E}.Release|Any CPU.ActiveCfg = Release|Any CPU
		{7D3392AA-92E4-4E0E-AC9C-7BC478C4BF5E}.Release|Any CPU.Build.0 = Release|Any CPU
		{134543CA-73C2-49C6-873A-F9DC025EF1A6}.Debug|Any CPU.ActiveCfg = Debug|Any CPU
		{134543CA-73C2-49C6-873A-F9DC025EF1A6}.Debug|Any CPU.Build.0 = Debug|Any CPU
		{134543CA-73C2-49C6-873A-F9DC025EF1A6}.Release|Any CPU.ActiveCfg = Release|Any CPU
		{134543CA-73C2-49C6-873A-F9DC025EF1A6}.Release|Any CPU.Build.0 = Release|Any CPU
		{F3CCE0C7-669F-413C-897C-A60B3CCD5E6D}.Debug|Any CPU.ActiveCfg = Debug|Any CPU
		{F3CCE0C7-669F-413C-897C-A60B3CCD5E6D}.Debug|Any CPU.Build.0 = Debug|Any CPU
		{F3CCE0C7-669F-413C-897C-A60B3CCD5E6D}.Release|Any CPU.ActiveCfg = Release|Any CPU
		{F3CCE0C7-669F-413C-897C-A60B3CCD5E6D}.Release|Any CPU.Build.0 = Release|Any CPU
		{74575C73-60AD-47FD-BAD0-B8166C9C1165}.Debug|Any CPU.ActiveCfg = Debug|Any CPU
		{74575C73-60AD-47FD-BAD0-B8166C9C1165}.Debug|Any CPU.Build.0 = Debug|Any CPU
		{74575C73-60AD-47FD-BAD0-B8166C9C1165}.Release|Any CPU.ActiveCfg = Release|Any CPU
		{74575C73-60AD-47FD-BAD0-B8166C9C1165}.Release|Any CPU.Build.0 = Release|Any CPU
		{9720EB0F-048C-4444-ACE4-110CDCC89CC1}.Debug|Any CPU.ActiveCfg = Debug|Any CPU
		{9720EB0F-048C-4444-ACE4-110CDCC89CC1}.Debug|Any CPU.Build.0 = Debug|Any CPU
		{9720EB0F-048C-4444-ACE4-110CDCC89CC1}.Release|Any CPU.ActiveCfg = Release|Any CPU
		{9720EB0F-048C-4444-ACE4-110CDCC89CC1}.Release|Any CPU.Build.0 = Release|Any CPU
		{4D58ABAA-8156-46CB-B7AA-252E1F80A70D}.Debug|Any CPU.ActiveCfg = Debug|Any CPU
		{4D58ABAA-8156-46CB-B7AA-252E1F80A70D}.Debug|Any CPU.Build.0 = Debug|Any CPU
		{4D58ABAA-8156-46CB-B7AA-252E1F80A70D}.Release|Any CPU.ActiveCfg = Release|Any CPU
		{4D58ABAA-8156-46CB-B7AA-252E1F80A70D}.Release|Any CPU.Build.0 = Release|Any CPU
	EndGlobalSection
	GlobalSection(SolutionProperties) = preSolution
		HideSolutionNode = FALSE
	EndGlobalSection
	GlobalSection(ExtensibilityGlobals) = postSolution
		SolutionGuid = {8C6B6E7B-292A-4B09-BB87-01C3CCC00DE8}
	EndGlobalSection
EndGlobal
